{
  "requires": true,
  "lockfileVersion": 1,
  "dependencies": {
    "@angular/animations": {
      "version": "8.2.9",
      "resolved": "https://registry.npmjs.org/@angular/animations/-/animations-8.2.9.tgz",
      "integrity": "sha512-l30AF0d9P5okTPM1wieUHgcnDyGSNvyaBcxXSOkT790wAP2v5zs7VrKq9Lm+ICu4Nkx07KrOr5XLUHhqsg3VXA==",
      "requires": {
        "tslib": "^1.9.0"
      }
    },
    "hammerjs": {
      "version": "2.0.8",
      "resolved": "https://registry.npmjs.org/hammerjs/-/hammerjs-2.0.8.tgz",
      "integrity": "sha1-BO93hiz/K7edMPdpIJWTAiK/YPE="
    },
    "ngx-toastr": {
      "version": "11.1.0",
      "resolved": "https://registry.npmjs.org/ngx-toastr/-/ngx-toastr-11.1.0.tgz",
      "integrity": "sha512-eJ+Szrs7JPPLGGbirZULFX3XTfW4Nh16oWaMObpwx3hGX6R6//LZXqPASCZynupoextqmaYXGsFGY0pW1k6UMA==",
      "requires": {
        "tslib": "^1.9.0"
      }
    },
    "tslib": {
      "version": "1.10.0",
      "resolved": "https://registry.npmjs.org/tslib/-/tslib-1.10.0.tgz",
      "integrity": "sha512-qOebF53frne81cf0S9B41ByenJ3/IuH8yJKngAX35CmiZySA0khhkovshKK+jGCaMnVomla7gVlIcc3EvKPbTQ=="
    }
  }
}
